// !$*UTF8*$!
{
	archiveVersion = 1;
	classes = {
	};
	objectVersion = 56;
	objects = {

/* Begin PBXBuildFile section */
		0C03D7843BE1BA839B23F614 /* Pods_dormitoryFamiles.framework in Frameworks */ = {isa = PBXBuildFile; fileRef = 43ACFB5BF55DE00DF2B4C0CA /* Pods_dormitoryFamiles.framework */; };
		DB5ACD602AA70D190054CA15 /* ExtenstionColor.swift in Sources */ = {isa = PBXBuildFile; fileRef = DB5ACD5F2AA70D190054CA15 /* ExtenstionColor.swift */; };
		DBF466FB2AA5F4E4009FF3EB /* AppDelegate.swift in Sources */ = {isa = PBXBuildFile; fileRef = DBF466FA2AA5F4E4009FF3EB /* AppDelegate.swift */; };
		DBF466FD2AA5F4E4009FF3EB /* SceneDelegate.swift in Sources */ = {isa = PBXBuildFile; fileRef = DBF466FC2AA5F4E4009FF3EB /* SceneDelegate.swift */; };
		DBF466FF2AA5F4E4009FF3EB /* MealMenuViewController.swift in Sources */ = {isa = PBXBuildFile; fileRef = DBF466FE2AA5F4E4009FF3EB /* MealMenuViewController.swift */; };
		DBF467022AA5F4E4009FF3EB /* Main.storyboard in Resources */ = {isa = PBXBuildFile; fileRef = DBF467002AA5F4E4009FF3EB /* Main.storyboard */; };
		DBF467042AA5F4E5009FF3EB /* Assets.xcassets in Resources */ = {isa = PBXBuildFile; fileRef = DBF467032AA5F4E5009FF3EB /* Assets.xcassets */; };
		DBF467072AA5F4E5009FF3EB /* LaunchScreen.storyboard in Resources */ = {isa = PBXBuildFile; fileRef = DBF467052AA5F4E5009FF3EB /* LaunchScreen.storyboard */; };
/* End PBXBuildFile section */

/* Begin PBXFileReference section */
		43ACFB5BF55DE00DF2B4C0CA /* Pods_dormitoryFamiles.framework */ = {isa = PBXFileReference; explicitFileType = wrapper.framework; includeInIndex = 0; path = Pods_dormitoryFamiles.framework; sourceTree = BUILT_PRODUCTS_DIR; };
		BDEE29642D63D4042822783C /* Pods-dormitoryFamiles.release.xcconfig */ = {isa = PBXFileReference; includeInIndex = 1; lastKnownFileType = text.xcconfig; name = "Pods-dormitoryFamiles.release.xcconfig"; path = "Target Support Files/Pods-dormitoryFamiles/Pods-dormitoryFamiles.release.xcconfig"; sourceTree = "<group>"; };
		C5E033F1B4291ED8F85F0DAE /* Pods-dormitoryFamiles.debug.xcconfig */ = {isa = PBXFileReference; includeInIndex = 1; lastKnownFileType = text.xcconfig; name = "Pods-dormitoryFamiles.debug.xcconfig"; path = "Target Support Files/Pods-dormitoryFamiles/Pods-dormitoryFamiles.debug.xcconfig"; sourceTree = "<group>"; };
		DB5ACD5F2AA70D190054CA15 /* ExtenstionColor.swift */ = {isa = PBXFileReference; lastKnownFileType = sourcecode.swift; path = ExtenstionColor.swift; sourceTree = "<group>"; };
		DBF466F72AA5F4E4009FF3EB /* dormitoryFamiles.app */ = {isa = PBXFileReference; explicitFileType = wrapper.application; includeInIndex = 0; path = dormitoryFamiles.app; sourceTree = BUILT_PRODUCTS_DIR; };
		DBF466FA2AA5F4E4009FF3EB /* AppDelegate.swift */ = {isa = PBXFileReference; lastKnownFileType = sourcecode.swift; path = AppDelegate.swift; sourceTree = "<group>"; };
		DBF466FC2AA5F4E4009FF3EB /* SceneDelegate.swift */ = {isa = PBXFileReference; lastKnownFileType = sourcecode.swift; path = SceneDelegate.swift; sourceTree = "<group>"; };
		DBF466FE2AA5F4E4009FF3EB /* MealMenuViewController.swift */ = {isa = PBXFileReference; lastKnownFileType = sourcecode.swift; path = MealMenuViewController.swift; sourceTree = "<group>"; };
		DBF467012AA5F4E4009FF3EB /* Base */ = {isa = PBXFileReference; lastKnownFileType = file.storyboard; name = Base; path = Base.lproj/Main.storyboard; sourceTree = "<group>"; };
		DBF467032AA5F4E5009FF3EB /* Assets.xcassets */ = {isa = PBXFileReference; lastKnownFileType = folder.assetcatalog; path = Assets.xcassets; sourceTree = "<group>"; };
		DBF467062AA5F4E5009FF3EB /* Base */ = {isa = PBXFileReference; lastKnownFileType = file.storyboard; name = Base; path = Base.lproj/LaunchScreen.storyboard; sourceTree = "<group>"; };
		DBF467082AA5F4E5009FF3EB /* Info.plist */ = {isa = PBXFileReference; lastKnownFileType = text.plist.xml; path = Info.plist; sourceTree = "<group>"; };
/* End PBXFileReference section */

/* Begin PBXFrameworksBuildPhase section */
		DBF466F42AA5F4E4009FF3EB /* Frameworks */ = {
			isa = PBXFrameworksBuildPhase;
			buildActionMask = 2147483647;
			files = (
				0C03D7843BE1BA839B23F614 /* Pods_dormitoryFamiles.framework in Frameworks */,
			);
			runOnlyForDeploymentPostprocessing = 0;
		};
/* End PBXFrameworksBuildPhase section */

/* Begin PBXGroup section */
		3EF87502A881A8B8B123AF34 /* Frameworks */ = {
			isa = PBXGroup;
			children = (
				43ACFB5BF55DE00DF2B4C0CA /* Pods_dormitoryFamiles.framework */,
			);
			name = Frameworks;
			sourceTree = "<group>";
		};
		8C013C2D7D769ADC50898197 /* Pods */ = {
			isa = PBXGroup;
			children = (
				C5E033F1B4291ED8F85F0DAE /* Pods-dormitoryFamiles.debug.xcconfig */,
				BDEE29642D63D4042822783C /* Pods-dormitoryFamiles.release.xcconfig */,
			);
			path = Pods;
			sourceTree = "<group>";
		};
		DBF466EE2AA5F4E4009FF3EB = {
			isa = PBXGroup;
			children = (
				DBF466F92AA5F4E4009FF3EB /* dormitoryFamiles */,
				DBF466F82AA5F4E4009FF3EB /* Products */,
				8C013C2D7D769ADC50898197 /* Pods */,
				3EF87502A881A8B8B123AF34 /* Frameworks */,
			);
			sourceTree = "<group>";
		};
		DBF466F82AA5F4E4009FF3EB /* Products */ = {
			isa = PBXGroup;
			children = (
				DBF466F72AA5F4E4009FF3EB /* dormitoryFamiles.app */,
			);
			name = Products;
			sourceTree = "<group>";
		};
		DBF466F92AA5F4E4009FF3EB /* dormitoryFamiles */ = {
			isa = PBXGroup;
			children = (
				DB5ACD5F2AA70D190054CA15 /* ExtenstionColor.swift */,
				DBF466FA2AA5F4E4009FF3EB /* AppDelegate.swift */,
				DBF466FC2AA5F4E4009FF3EB /* SceneDelegate.swift */,
				DBF466FE2AA5F4E4009FF3EB /* MealMenuViewController.swift */,
				DBF467002AA5F4E4009FF3EB /* Main.storyboard */,
				DBF467032AA5F4E5009FF3EB /* Assets.xcassets */,
				DBF467052AA5F4E5009FF3EB /* LaunchScreen.storyboard */,
				DBF467082AA5F4E5009FF3EB /* Info.plist */,
			);
			path = dormitoryFamiles;
			sourceTree = "<group>";
		};
/* End PBXGroup section */

/* Begin PBXNativeTarget section */
		DBF466F62AA5F4E4009FF3EB /* dormitoryFamiles */ = {
			isa = PBXNativeTarget;
			buildConfigurationList = DBF4670B2AA5F4E5009FF3EB /* Build configuration list for PBXNativeTarget "dormitoryFamiles" */;
			buildPhases = (
				4CF588194D6A7AB0B93A370E /* [CP] Check Pods Manifest.lock */,
				DBF466F32AA5F4E4009FF3EB /* Sources */,
				DBF466F42AA5F4E4009FF3EB /* Frameworks */,
				DBF466F52AA5F4E4009FF3EB /* Resources */,
			);
			buildRules = (
			);
			dependencies = (
			);
			name = dormitoryFamiles;
			productName = dormitoryFamiles;
			productReference = DBF466F72AA5F4E4009FF3EB /* dormitoryFamiles.app */;
			productType = "com.apple.product-type.application";
		};
/* End PBXNativeTarget section */

/* Begin PBXProject section */
		DBF466EF2AA5F4E4009FF3EB /* Project object */ = {
			isa = PBXProject;
			attributes = {
				BuildIndependentTargetsInParallel = 1;
				LastSwiftUpdateCheck = 1420;
				LastUpgradeCheck = 1420;
				TargetAttributes = {
					DBF466F62AA5F4E4009FF3EB = {
						CreatedOnToolsVersion = 14.2;
					};
				};
			};
			buildConfigurationList = DBF466F22AA5F4E4009FF3EB /* Build configuration list for PBXProject "dormitoryFamiles" */;
			compatibilityVersion = "Xcode 14.0";
			developmentRegion = en;
			hasScannedForEncodings = 0;
			knownRegions = (
				en,
				Base,
			);
			mainGroup = DBF466EE2AA5F4E4009FF3EB;
			productRefGroup = DBF466F82AA5F4E4009FF3EB /* Products */;
			projectDirPath = "";
			projectRoot = "";
			targets = (
				DBF466F62AA5F4E4009FF3EB /* dormitoryFamiles */,
			);
		};
/* End PBXProject section */

/* Begin PBXResourcesBuildPhase section */
		DBF466F52AA5F4E4009FF3EB /* Resources */ = {
			isa = PBXResourcesBuildPhase;
			buildActionMask = 2147483647;
			files = (
				DBF467072AA5F4E5009FF3EB /* LaunchScreen.storyboard in Resources */,
				DBF467042AA5F4E5009FF3EB /* Assets.xcassets in Resources */,
				DBF467022AA5F4E4009FF3EB /* Main.storyboard in Resources */,
			);
			runOnlyForDeploymentPostprocessing = 0;
		};
/* End PBXResourcesBuildPhase section */

/* Begin PBXShellScriptBuildPhase section */
		4CF588194D6A7AB0B93A370E /* [CP] Check Pods Manifest.lock */ = {
			isa = PBXShellScriptBuildPhase;
			buildActionMask = 2147483647;
			files = (
			);
			inputFileListPaths = (
			);
			inputPaths = (
				"${PODS_PODFILE_DIR_PATH}/Podfile.lock",
				"${PODS_ROOT}/Manifest.lock",
			);
			name = "[CP] Check Pods Manifest.lock";
			outputFileListPaths = (
			);
			outputPaths = (
				"$(DERIVED_FILE_DIR)/Pods-dormitoryFamiles-checkManifestLockResult.txt",
			);
			runOnlyForDeploymentPostprocessing = 0;
			shellPath = /bin/sh;
			shellScript = "diff \"${PODS_PODFILE_DIR_PATH}/Podfile.lock\" \"${PODS_ROOT}/Manifest.lock\" > /dev/null\nif [ $? != 0 ] ; then\n    # print error to STDERR\n    echo \"error: The sandbox is not in sync with the Podfile.lock. Run 'pod install' or update your CocoaPods installation.\" >&2\n    exit 1\nfi\n# This output is used by Xcode 'outputs' to avoid re-running this script phase.\necho \"SUCCESS\" > \"${SCRIPT_OUTPUT_FILE_0}\"\n";
			showEnvVarsInLog = 0;
		};
/* End PBXShellScriptBuildPhase section */

/* Begin PBXSourcesBuildPhase section */
		DBF466F32AA5F4E4009FF3EB /* Sources */ = {
			isa = PBXSourcesBuildPhase;
			buildActionMask = 2147483647;
			files = (
				DB5ACD602AA70D190054CA15 /* ExtenstionColor.swift in Sources */,
				DBF466FF2AA5F4E4009FF3EB /* MealMenuViewController.swift in Sources */,
				DBF466FB2AA5F4E4009FF3EB /* AppDelegate.swift in Sources */,
				DBF466FD2AA5F4E4009FF3EB /* SceneDelegate.swift in Sources */,
			);
			runOnlyForDeploymentPostprocessing = 0;
		};
/* End PBXSourcesBuildPhase section */

/* Begin PBXVariantGroup section */
		DBF467002AA5F4E4009FF3EB /* Main.storyboard */ = {
			isa = PBXVariantGroup;
			children = (
				DBF467012AA5F4E4009FF3EB /* Base */,
			);
			name = Main.storyboard;
			sourceTree = "<group>";
		};
		DBF467052AA5F4E5009FF3EB /* LaunchScreen.storyboard */ = {
			isa = PBXVariantGroup;
			children = (
				DBF467062AA5F4E5009FF3EB /* Base */,
			);
			name = LaunchScreen.storyboard;
			sourceTree = "<group>";
		};
/* End PBXVariantGroup section */

/* Begin XCBuildConfiguration section */
		DBF467092AA5F4E5009FF3EB /* Debug */ = {
			isa = XCBuildConfiguration;
			buildSettings = {
				ALWAYS_SEARCH_USER_PATHS = NO;
				CLANG_ANALYZER_NONNULL = YES;
				CLANG_ANALYZER_NUMBER_OBJECT_CONVERSION = YES_AGGRESSIVE;
				CLANG_CXX_LANGUAGE_STANDARD = "gnu++20";
				CLANG_ENABLE_MODULES = YES;
				CLANG_ENABLE_OBJC_ARC = YES;
				CLANG_ENABLE_OBJC_WEAK = YES;
				CLANG_WARN_BLOCK_CAPTURE_AUTORELEASING = YES;
				CLANG_WARN_BOOL_CONVERSION = YES;
				CLANG_WARN_COMMA = YES;
				CLANG_WARN_CONSTANT_CONVERSION = YES;
				CLANG_WARN_DEPRECATED_OBJC_IMPLEMENTATIONS = YES;
				CLANG_WARN_DIRECT_OBJC_ISA_USAGE = YES_ERROR;
				CLANG_WARN_DOCUMENTATION_COMMENTS = YES;
				CLANG_WARN_EMPTY_BODY = YES;
				CLANG_WARN_ENUM_CONVERSION = YES;
				CLANG_WARN_INFINITE_RECURSION = YES;
				CLANG_WARN_INT_CONVERSION = YES;
				CLANG_WARN_NON_LITERAL_NULL_CONVERSION = YES;
				CLANG_WARN_OBJC_IMPLICIT_RETAIN_SELF = YES;
				CLANG_WARN_OBJC_LITERAL_CONVERSION = YES;
				CLANG_WARN_OBJC_ROOT_CLASS = YES_ERROR;
				CLANG_WARN_QUOTED_INCLUDE_IN_FRAMEWORK_HEADER = YES;
				CLANG_WARN_RANGE_LOOP_ANALYSIS = YES;
				CLANG_WARN_STRICT_PROTOTYPES = YES;
				CLANG_WARN_SUSPICIOUS_MOVE = YES;
				CLANG_WARN_UNGUARDED_AVAILABILITY = YES_AGGRESSIVE;
				CLANG_WARN_UNREACHABLE_CODE = YES;
				CLANG_WARN__DUPLICATE_METHOD_MATCH = YES;
				COPY_PHASE_STRIP = NO;
				DEBUG_INFORMATION_FORMAT = dwarf;
				ENABLE_STRICT_OBJC_MSGSEND = YES;
				ENABLE_TESTABILITY = YES;
				GCC_C_LANGUAGE_STANDARD = gnu11;
				GCC_DYNAMIC_NO_PIC = NO;
				GCC_NO_COMMON_BLOCKS = YES;
				GCC_OPTIMIZATION_LEVEL = 0;
				GCC_PREPROCESSOR_DEFINITIONS = (
					"DEBUG=1",
					"$(inherited)",
				);
				GCC_WARN_64_TO_32_BIT_CONVERSION = YES;
				GCC_WARN_ABOUT_RETURN_TYPE = YES_ERROR;
				GCC_WARN_UNDECLARED_SELECTOR = YES;
				GCC_WARN_UNINITIALIZED_AUTOS = YES_AGGRESSIVE;
				GCC_WARN_UNUSED_FUNCTION = YES;
				GCC_WARN_UNUSED_VARIABLE = YES;
				IPHONEOS_DEPLOYMENT_TARGET = 16.2;
				MTL_ENABLE_DEBUG_INFO = INCLUDE_SOURCE;
				MTL_FAST_MATH = YES;
				ONLY_ACTIVE_ARCH = YES;
				SDKROOT = iphoneos;
				SWIFT_ACTIVE_COMPILATION_CONDITIONS = DEBUG;
				SWIFT_OPTIMIZATION_LEVEL = "-Onone";
			};
			name = Debug;
		};
		DBF4670A2AA5F4E5009FF3EB /* Release */ = {
			isa = XCBuildConfiguration;
			buildSettings = {
				ALWAYS_SEARCH_USER_PATHS = NO;
				CLANG_ANALYZER_NONNULL = YES;
				CLANG_ANALYZER_NUMBER_OBJECT_CONVERSION = YES_AGGRESSIVE;
				CLANG_CXX_LANGUAGE_STANDARD = "gnu++20";
				CLANG_ENABLE_MODULES = YES;
				CLANG_ENABLE_OBJC_ARC = YES;
				CLANG_ENABLE_OBJC_WEAK = YES;
				CLANG_WARN_BLOCK_CAPTURE_AUTORELEASING = YES;
				CLANG_WARN_BOOL_CONVERSION = YES;
				CLANG_WARN_COMMA = YES;
				CLANG_WARN_CONSTANT_CONVERSION = YES;
				CLANG_WARN_DEPRECATED_OBJC_IMPLEMENTATIONS = YES;
				CLANG_WARN_DIRECT_OBJC_ISA_USAGE = YES_ERROR;
				CLANG_WARN_DOCUMENTATION_COMMENTS = YES;
				CLANG_WARN_EMPTY_BODY = YES;
				CLANG_WARN_ENUM_CONVERSION = YES;
				CLANG_WARN_INFINITE_RECURSION = YES;
				CLANG_WARN_INT_CONVERSION = YES;
				CLANG_WARN_NON_LITERAL_NULL_CONVERSION = YES;
				CLANG_WARN_OBJC_IMPLICIT_RETAIN_SELF = YES;
				CLANG_WARN_OBJC_LITERAL_CONVERSION = YES;
				CLANG_WARN_OBJC_ROOT_CLASS = YES_ERROR;
				CLANG_WARN_QUOTED_INCLUDE_IN_FRAMEWORK_HEADER = YES;
				CLANG_WARN_RANGE_LOOP_ANALYSIS = YES;
				CLANG_WARN_STRICT_PROTOTYPES = YES;
				CLANG_WARN_SUSPICIOUS_MOVE = YES;
				CLANG_WARN_UNGUARDED_AVAILABILITY = YES_AGGRESSIVE;
				CLANG_WARN_UNREACHABLE_CODE = YES;
				CLANG_WARN__DUPLICATE_METHOD_MATCH = YES;
				COPY_PHASE_STRIP = NO;
				DEBUG_INFORMATION_FORMAT = "dwarf-with-dsym";
				ENABLE_NS_ASSERTIONS = NO;
				ENABLE_STRICT_OBJC_MSGSEND = YES;
				GCC_C_LANGUAGE_STANDARD = gnu11;
				GCC_NO_COMMON_BLOCKS = YES;
				GCC_WARN_64_TO_32_BIT_CONVERSION = YES;
				GCC_WARN_ABOUT_RETURN_TYPE = YES_ERROR;
				GCC_WARN_UNDECLARED_SELECTOR = YES;
				GCC_WARN_UNINITIALIZED_AUTOS = YES_AGGRESSIVE;
				GCC_WARN_UNUSED_FUNCTION = YES;
				GCC_WARN_UNUSED_VARIABLE = YES;
				IPHONEOS_DEPLOYMENT_TARGET = 16.2;
				MTL_ENABLE_DEBUG_INFO = NO;
				MTL_FAST_MATH = YES;
				SDKROOT = iphoneos;
				SWIFT_COMPILATION_MODE = wholemodule;
				SWIFT_OPTIMIZATION_LEVEL = "-O";
				VALIDATE_PRODUCT = YES;
			};
			name = Release;
		};
		DBF4670C2AA5F4E5009FF3EB /* Debug */ = {
			isa = XCBuildConfiguration;
			baseConfigurationReference = C5E033F1B4291ED8F85F0DAE /* Pods-dormitoryFamiles.debug.xcconfig */;
			buildSettings = {
				ASSETCATALOG_COMPILER_APPICON_NAME = AppIcon;
				ASSETCATALOG_COMPILER_GLOBAL_ACCENT_COLOR_NAME = AccentColor;
				CODE_SIGN_STYLE = Automatic;
				CURRENT_PROJECT_VERSION = 1;
				DEVELOPMENT_TEAM = 7B9KLZFFL8;
				GENERATE_INFOPLIST_FILE = YES;
				INFOPLIST_FILE = dormitoryFamiles/Info.plist;
				INFOPLIST_KEY_UIApplicationSupportsIndirectInputEvents = YES;
				INFOPLIST_KEY_UILaunchStoryboardName = LaunchScreen;
				INFOPLIST_KEY_UIMainStoryboardFile = Main;
				INFOPLIST_KEY_UISupportedInterfaceOrientations_iPad = "UIInterfaceOrientationPortrait UIInterfaceOrientationPortraitUpsideDown UIInterfaceOrientationLandscapeLeft UIInterfaceOrientationLandscapeRight";
				INFOPLIST_KEY_UISupportedInterfaceOrientations_iPhone = "UIInterfaceOrientationPortrait UIInterfaceOrientationLandscapeLeft UIInterfaceOrientationLandscapeRight";
				LD_RUNPATH_SEARCH_PATHS = (
					"$(inherited)",
					"@executable_path/Frameworks",
				);
				MARKETING_VERSION = 1.0;
				PRODUCT_BUNDLE_IDENTIFIER = com.hwajin.dormitoryFamiles;
				PRODUCT_NAME = "$(TARGET_NAME)";
				SWIFT_EMIT_LOC_STRINGS = YES;
				SWIFT_VERSION = 5.0;
				TARGETED_DEVICE_FAMILY = "1,2";
			};
			name = Debug;
		};
		DBF4670D2AA5F4E5009FF3EB /* Release */ = {
			isa = XCBuildConfiguration;
			baseConfigurationReference = BDEE29642D63D4042822783C /* Pods-dormitoryFamiles.release.xcconfig */;
			buildSettings = {
				ASSETCATALOG_COMPILER_APPICON_NAME = AppIcon;
				ASSETCATALOG_COMPILER_GLOBAL_ACCENT_COLOR_NAME = AccentColor;
				CODE_SIGN_STYLE = Automatic;
				CURRENT_PROJECT_VERSION = 1;
				DEVELOPMENT_TEAM = 7B9KLZFFL8;
				GENERATE_INFOPLIST_FILE = YES;
				INFOPLIST_FILE = dormitoryFamiles/Info.plist;
				INFOPLIST_KEY_UIApplicationSupportsIndirectInputEvents = YES;
				INFOPLIST_KEY_UILaunchStoryboardName = LaunchScreen;
				INFOPLIST_KEY_UIMainStoryboardFile = Main;
				INFOPLIST_KEY_UISupportedInterfaceOrientations_iPad = "UIInterfaceOrientationPortrait UIInterfaceOrientationPortraitUpsideDown UIInterfaceOrientationLandscapeLeft UIInterfaceOrientationLandscapeRight";
				INFOPLIST_KEY_UISupportedInterfaceOrientations_iPhone = "UIInterfaceOrientationPortrait UIInterfaceOrientationLandscapeLeft UIInterfaceOrientationLandscapeRight";
				LD_RUNPATH_SEARCH_PATHS = (
					"$(inherited)",
					"@executable_path/Frameworks",
				);
				MARKETING_VERSION = 1.0;
				PRODUCT_BUNDLE_IDENTIFIER = com.hwajin.dormitoryFamiles;
				PRODUCT_NAME = "$(TARGET_NAME)";
				SWIFT_EMIT_LOC_STRINGS = YES;
				SWIFT_VERSION = 5.0;
				TARGETED_DEVICE_FAMILY = "1,2";
			};
			name = Release;
		};
/* End XCBuildConfiguration section */

/* Begin XCConfigurationList section */
		DBF466F22AA5F4E4009FF3EB /* Build configuration list for PBXProject "dormitoryFamiles" */ = {
			isa = XCConfigurationList;
			buildConfigurations = (
				DBF467092AA5F4E5009FF3EB /* Debug */,
				DBF4670A2AA5F4E5009FF3EB /* Release */,
			);
			defaultConfigurationIsVisible = 0;
			defaultConfigurationName = Release;
		};
		DBF4670B2AA5F4E5009FF3EB /* Build configuration list for PBXNativeTarget "dormitoryFamiles" */ = {
			isa = XCConfigurationList;
			buildConfigurations = (
				DBF4670C2AA5F4E5009FF3EB /* Debug */,
				DBF4670D2AA5F4E5009FF3EB /* Release */,
			);
			defaultConfigurationIsVisible = 0;
			defaultConfigurationName = Release;
		};
/* End XCConfigurationList section */
	};
	rootObject = DBF466EF2AA5F4E4009FF3EB /* Project object */;
}
