// !$*UTF8*$!
{
	archiveVersion = 1;
	classes = {
	};
	objectVersion = 56;
	objects = {

/* Begin PBXBuildFile section */
		0C03D7843BE1BA839B23F614 /* Pods_dormitoryFamiles.framework in Frameworks */ = {isa = PBXBuildFile; fileRef = 43ACFB5BF55DE00DF2B4C0CA /* Pods_dormitoryFamiles.framework */; };
		DB00F5B42B81D17C00DDA1E6 /* ReplyCollectionViewCell.swift in Sources */ = {isa = PBXBuildFile; fileRef = DB00F5B22B81D17C00DDA1E6 /* ReplyCollectionViewCell.swift */; };
		DB02B5292B98C92200C45F56 /* ReplyHeaderCollectionReusableView.swift in Sources */ = {isa = PBXBuildFile; fileRef = DB02B5272B98C92200C45F56 /* ReplyHeaderCollectionReusableView.swift */; };
		DB02B52A2B98C92200C45F56 /* ReplyHeaderCollectionReusableView.xib in Resources */ = {isa = PBXBuildFile; fileRef = DB02B5282B98C92200C45F56 /* ReplyHeaderCollectionReusableView.xib */; };
		DB1E0E892B629804000A4AA5 /* DormitoryButtonHandlingProtocol.swift in Sources */ = {isa = PBXBuildFile; fileRef = DB1E0E882B629804000A4AA5 /* DormitoryButtonHandlingProtocol.swift */; };
		DB1E0E8B2B629865000A4AA5 /* ChoiceDormitoryViewController.swift in Sources */ = {isa = PBXBuildFile; fileRef = DB1E0E8A2B629865000A4AA5 /* ChoiceDormitoryViewController.swift */; };
		DB1E0E8D2B62A995000A4AA5 /* SelectedDormitory.swift in Sources */ = {isa = PBXBuildFile; fileRef = DB1E0E8C2B62A995000A4AA5 /* SelectedDormitory.swift */; };
		DB20E38C2B53C2BD000D12A7 /* HomeViewController.swift in Sources */ = {isa = PBXBuildFile; fileRef = DB20E38B2B53C2BD000D12A7 /* HomeViewController.swift */; };
		DB20E38E2B53D75F000D12A7 /* extensionStroyboard.swift in Sources */ = {isa = PBXBuildFile; fileRef = DB20E38D2B53D75F000D12A7 /* extensionStroyboard.swift */; };
		DB20F2942B95CBE00052CF5C /* SearchViewController.swift in Sources */ = {isa = PBXBuildFile; fileRef = DB20F2932B95CBE00052CF5C /* SearchViewController.swift */; };
		DB2B7BC92B456F4700C1847D /* TagScrollView.swift in Sources */ = {isa = PBXBuildFile; fileRef = DB2B7BC82B456F4700C1847D /* TagScrollView.swift */; };
		DB2B7BCB2B45727B00C1847D /* TagButton.swift in Sources */ = {isa = PBXBuildFile; fileRef = DB2B7BCA2B45727B00C1847D /* TagButton.swift */; };
		DB2B7BCD2B457D2500C1847D /* BulletinBoardDetailViewContorllerViewController.swift in Sources */ = {isa = PBXBuildFile; fileRef = DB2B7BCC2B457D2500C1847D /* BulletinBoardDetailViewContorllerViewController.swift */; };
		DB2B7BCF2B457F7200C1847D /* UIButtonExtension.swift in Sources */ = {isa = PBXBuildFile; fileRef = DB2B7BCE2B457F7200C1847D /* UIButtonExtension.swift */; };
		DB3F18092B6162AB002F1738 /* ProfileSettingViewController.swift in Sources */ = {isa = PBXBuildFile; fileRef = DB3F18082B6162AB002F1738 /* ProfileSettingViewController.swift */; };
		DB41008C2B6A665D005C4DD8 /* BrownVC.swift in Sources */ = {isa = PBXBuildFile; fileRef = DB41008B2B6A665D005C4DD8 /* BrownVC.swift */; };
		DB496DEB2B70EAFB00F97324 /* TabbarViewController.swift in Sources */ = {isa = PBXBuildFile; fileRef = DB496DEA2B70EAFB00F97324 /* TabbarViewController.swift */; };
		DB5ACD602AA70D190054CA15 /* ExtenstionColor.swift in Sources */ = {isa = PBXBuildFile; fileRef = DB5ACD5F2AA70D190054CA15 /* ExtenstionColor.swift */; };
		DB61AA342B4C1EA70040418B /* RegisterPostViewController.swift in Sources */ = {isa = PBXBuildFile; fileRef = DB61AA332B4C1EA70040418B /* RegisterPostViewController.swift */; };
		DB74D0C62B73EEBF00A90D68 /* Codable.swift in Sources */ = {isa = PBXBuildFile; fileRef = DB74D0C52B73EEBF00A90D68 /* Codable.swift */; };
		DB7EF2772B5E9CB20062FAB5 /* ServicePermissonViewController.swift in Sources */ = {isa = PBXBuildFile; fileRef = DB7EF2762B5E9CB20062FAB5 /* ServicePermissonViewController.swift */; };
		DB7EF2792B5EA4B00062FAB5 /* AlrmElementView.swift in Sources */ = {isa = PBXBuildFile; fileRef = DB7EF2782B5EA4B00062FAB5 /* AlrmElementView.swift */; };
		DB7EF27D2B5EAC790062FAB5 /* ChoiceDormitoryButton.swift in Sources */ = {isa = PBXBuildFile; fileRef = DB7EF27C2B5EAC790062FAB5 /* ChoiceDormitoryButton.swift */; };
		DB81D0002B56E723005EF497 /* UIColorExtension.swift in Sources */ = {isa = PBXBuildFile; fileRef = DB81CFFF2B56E723005EF497 /* UIColorExtension.swift */; };
		DB932AC12B6511E300B456FB /* BulluetinBoardCollectionViewCell.swift in Sources */ = {isa = PBXBuildFile; fileRef = DB932ABF2B6511E300B456FB /* BulluetinBoardCollectionViewCell.swift */; };
		DB932AC22B6511E300B456FB /* BulluetinBoardCollectionViewCell.xib in Resources */ = {isa = PBXBuildFile; fileRef = DB932AC02B6511E300B456FB /* BulluetinBoardCollectionViewCell.xib */; };
		DBB345F22B42BFD100E70380 /* BulletinBoardMainViewController.swift in Sources */ = {isa = PBXBuildFile; fileRef = DBB345F12B42BFD100E70380 /* BulletinBoardMainViewController.swift */; };
		DBC54C432B568B350071164C /* UIFontExtension.swift in Sources */ = {isa = PBXBuildFile; fileRef = DBC54C422B568B350071164C /* UIFontExtension.swift */; };
		DBC54C552B56A46B0071164C /* PretendardVariable.ttf in Resources */ = {isa = PBXBuildFile; fileRef = DBC54C542B56A46B0071164C /* PretendardVariable.ttf */; };
		DBC54C572B56A4820071164C /* Pretendard-Bold.ttf in Resources */ = {isa = PBXBuildFile; fileRef = DBC54C562B56A4820071164C /* Pretendard-Bold.ttf */; };
		DBC54C5B2B56A4960071164C /* Pretendard-Medium.ttf in Resources */ = {isa = PBXBuildFile; fileRef = DBC54C5A2B56A4960071164C /* Pretendard-Medium.ttf */; };
		DBC54C5D2B56A4A00071164C /* Pretendard-Regular.ttf in Resources */ = {isa = PBXBuildFile; fileRef = DBC54C5C2B56A4A00071164C /* Pretendard-Regular.ttf */; };
		DBC54C5F2B56A4A80071164C /* Pretendard-SemiBold.ttf in Resources */ = {isa = PBXBuildFile; fileRef = DBC54C5E2B56A4A80071164C /* Pretendard-SemiBold.ttf */; };
		DBC54C632B56A86D0071164C /* NPSfont_bold.ttf in Resources */ = {isa = PBXBuildFile; fileRef = DBC54C622B56A86D0071164C /* NPSfont_bold.ttf */; };
		DBCE10E12B595506008C3367 /* loginViewController.swift in Sources */ = {isa = PBXBuildFile; fileRef = DBCE10E02B595506008C3367 /* loginViewController.swift */; };
		DBD1E7FC2B84A9D500FD71C6 /* Network.swift in Sources */ = {isa = PBXBuildFile; fileRef = DBD1E7FB2B84A9D500FD71C6 /* Network.swift */; };
		DBDF96EF2B84BFB2000E74AE /* ProfileFinishedViewController.swift in Sources */ = {isa = PBXBuildFile; fileRef = DBDF96EE2B84BFB2000E74AE /* ProfileFinishedViewController.swift */; };
		DBF466FB2AA5F4E4009FF3EB /* AppDelegate.swift in Sources */ = {isa = PBXBuildFile; fileRef = DBF466FA2AA5F4E4009FF3EB /* AppDelegate.swift */; };
		DBF466FD2AA5F4E4009FF3EB /* SceneDelegate.swift in Sources */ = {isa = PBXBuildFile; fileRef = DBF466FC2AA5F4E4009FF3EB /* SceneDelegate.swift */; };
		DBF466FF2AA5F4E4009FF3EB /* MealMenuViewController.swift in Sources */ = {isa = PBXBuildFile; fileRef = DBF466FE2AA5F4E4009FF3EB /* MealMenuViewController.swift */; };
		DBF467022AA5F4E4009FF3EB /* Main.storyboard in Resources */ = {isa = PBXBuildFile; fileRef = DBF467002AA5F4E4009FF3EB /* Main.storyboard */; };
		DBF467042AA5F4E5009FF3EB /* Assets.xcassets in Resources */ = {isa = PBXBuildFile; fileRef = DBF467032AA5F4E5009FF3EB /* Assets.xcassets */; };
		DBF467072AA5F4E5009FF3EB /* LaunchScreen.storyboard in Resources */ = {isa = PBXBuildFile; fileRef = DBF467052AA5F4E5009FF3EB /* LaunchScreen.storyboard */; };
		DBFF14932B7BA7EC002DA3AA /* BulletinBoardDetailViewViewController.swift in Sources */ = {isa = PBXBuildFile; fileRef = DBFF14922B7BA7EC002DA3AA /* BulletinBoardDetailViewViewController.swift */; };
/* End PBXBuildFile section */

/* Begin PBXFileReference section */
		43ACFB5BF55DE00DF2B4C0CA /* Pods_dormitoryFamiles.framework */ = {isa = PBXFileReference; explicitFileType = wrapper.framework; includeInIndex = 0; path = Pods_dormitoryFamiles.framework; sourceTree = BUILT_PRODUCTS_DIR; };
		BDEE29642D63D4042822783C /* Pods-dormitoryFamiles.release.xcconfig */ = {isa = PBXFileReference; includeInIndex = 1; lastKnownFileType = text.xcconfig; name = "Pods-dormitoryFamiles.release.xcconfig"; path = "Target Support Files/Pods-dormitoryFamiles/Pods-dormitoryFamiles.release.xcconfig"; sourceTree = "<group>"; };
		C5E033F1B4291ED8F85F0DAE /* Pods-dormitoryFamiles.debug.xcconfig */ = {isa = PBXFileReference; includeInIndex = 1; lastKnownFileType = text.xcconfig; name = "Pods-dormitoryFamiles.debug.xcconfig"; path = "Target Support Files/Pods-dormitoryFamiles/Pods-dormitoryFamiles.debug.xcconfig"; sourceTree = "<group>"; };
		DB00F5B22B81D17C00DDA1E6 /* ReplyCollectionViewCell.swift */ = {isa = PBXFileReference; lastKnownFileType = sourcecode.swift; path = ReplyCollectionViewCell.swift; sourceTree = "<group>"; };
		DB02B5272B98C92200C45F56 /* ReplyHeaderCollectionReusableView.swift */ = {isa = PBXFileReference; lastKnownFileType = sourcecode.swift; path = ReplyHeaderCollectionReusableView.swift; sourceTree = "<group>"; };
		DB02B5282B98C92200C45F56 /* ReplyHeaderCollectionReusableView.xib */ = {isa = PBXFileReference; lastKnownFileType = file.xib; path = ReplyHeaderCollectionReusableView.xib; sourceTree = "<group>"; };
		DB1E0E882B629804000A4AA5 /* DormitoryButtonHandlingProtocol.swift */ = {isa = PBXFileReference; lastKnownFileType = sourcecode.swift; path = DormitoryButtonHandlingProtocol.swift; sourceTree = "<group>"; };
		DB1E0E8A2B629865000A4AA5 /* ChoiceDormitoryViewController.swift */ = {isa = PBXFileReference; lastKnownFileType = sourcecode.swift; path = ChoiceDormitoryViewController.swift; sourceTree = "<group>"; };
		DB1E0E8C2B62A995000A4AA5 /* SelectedDormitory.swift */ = {isa = PBXFileReference; lastKnownFileType = sourcecode.swift; path = SelectedDormitory.swift; sourceTree = "<group>"; };
		DB20E38B2B53C2BD000D12A7 /* HomeViewController.swift */ = {isa = PBXFileReference; lastKnownFileType = sourcecode.swift; path = HomeViewController.swift; sourceTree = "<group>"; };
		DB20E38D2B53D75F000D12A7 /* extensionStroyboard.swift */ = {isa = PBXFileReference; lastKnownFileType = sourcecode.swift; path = extensionStroyboard.swift; sourceTree = "<group>"; };
		DB20F2932B95CBE00052CF5C /* SearchViewController.swift */ = {isa = PBXFileReference; lastKnownFileType = sourcecode.swift; path = SearchViewController.swift; sourceTree = "<group>"; };
		DB2B7BC82B456F4700C1847D /* TagScrollView.swift */ = {isa = PBXFileReference; lastKnownFileType = sourcecode.swift; path = TagScrollView.swift; sourceTree = "<group>"; };
		DB2B7BCA2B45727B00C1847D /* TagButton.swift */ = {isa = PBXFileReference; lastKnownFileType = sourcecode.swift; path = TagButton.swift; sourceTree = "<group>"; };
		DB2B7BCC2B457D2500C1847D /* BulletinBoardDetailViewContorllerViewController.swift */ = {isa = PBXFileReference; lastKnownFileType = sourcecode.swift; path = BulletinBoardDetailViewContorllerViewController.swift; sourceTree = "<group>"; };
		DB2B7BCE2B457F7200C1847D /* UIButtonExtension.swift */ = {isa = PBXFileReference; lastKnownFileType = sourcecode.swift; path = UIButtonExtension.swift; sourceTree = "<group>"; };
		DB3F18082B6162AB002F1738 /* ProfileSettingViewController.swift */ = {isa = PBXFileReference; lastKnownFileType = sourcecode.swift; path = ProfileSettingViewController.swift; sourceTree = "<group>"; };
		DB41008B2B6A665D005C4DD8 /* BrownVC.swift */ = {isa = PBXFileReference; lastKnownFileType = sourcecode.swift; path = BrownVC.swift; sourceTree = "<group>"; };
		DB496DEA2B70EAFB00F97324 /* TabbarViewController.swift */ = {isa = PBXFileReference; lastKnownFileType = sourcecode.swift; path = TabbarViewController.swift; sourceTree = "<group>"; };
		DB5ACD5F2AA70D190054CA15 /* ExtenstionColor.swift */ = {isa = PBXFileReference; lastKnownFileType = sourcecode.swift; path = ExtenstionColor.swift; sourceTree = "<group>"; };
		DB61AA332B4C1EA70040418B /* RegisterPostViewController.swift */ = {isa = PBXFileReference; lastKnownFileType = sourcecode.swift; path = RegisterPostViewController.swift; sourceTree = "<group>"; };
		DB74D0C52B73EEBF00A90D68 /* Codable.swift */ = {isa = PBXFileReference; lastKnownFileType = sourcecode.swift; path = Codable.swift; sourceTree = "<group>"; };
		DB7EF2762B5E9CB20062FAB5 /* ServicePermissonViewController.swift */ = {isa = PBXFileReference; lastKnownFileType = sourcecode.swift; path = ServicePermissonViewController.swift; sourceTree = "<group>"; };
		DB7EF2782B5EA4B00062FAB5 /* AlrmElementView.swift */ = {isa = PBXFileReference; lastKnownFileType = sourcecode.swift; path = AlrmElementView.swift; sourceTree = "<group>"; };
		DB7EF27C2B5EAC790062FAB5 /* ChoiceDormitoryButton.swift */ = {isa = PBXFileReference; lastKnownFileType = sourcecode.swift; path = ChoiceDormitoryButton.swift; sourceTree = "<group>"; };
		DB81CFFF2B56E723005EF497 /* UIColorExtension.swift */ = {isa = PBXFileReference; lastKnownFileType = sourcecode.swift; path = UIColorExtension.swift; sourceTree = "<group>"; };
		DB932ABF2B6511E300B456FB /* BulluetinBoardCollectionViewCell.swift */ = {isa = PBXFileReference; lastKnownFileType = sourcecode.swift; path = BulluetinBoardCollectionViewCell.swift; sourceTree = "<group>"; };
		DB932AC02B6511E300B456FB /* BulluetinBoardCollectionViewCell.xib */ = {isa = PBXFileReference; lastKnownFileType = file.xib; path = BulluetinBoardCollectionViewCell.xib; sourceTree = "<group>"; };
		DBB345F12B42BFD100E70380 /* BulletinBoardMainViewController.swift */ = {isa = PBXFileReference; lastKnownFileType = sourcecode.swift; path = BulletinBoardMainViewController.swift; sourceTree = "<group>"; };
		DBC54C422B568B350071164C /* UIFontExtension.swift */ = {isa = PBXFileReference; lastKnownFileType = sourcecode.swift; path = UIFontExtension.swift; sourceTree = "<group>"; };
		DBC54C542B56A46B0071164C /* PretendardVariable.ttf */ = {isa = PBXFileReference; lastKnownFileType = file; path = PretendardVariable.ttf; sourceTree = "<group>"; };
		DBC54C562B56A4820071164C /* Pretendard-Bold.ttf */ = {isa = PBXFileReference; lastKnownFileType = file; path = "Pretendard-Bold.ttf"; sourceTree = "<group>"; };
		DBC54C5A2B56A4960071164C /* Pretendard-Medium.ttf */ = {isa = PBXFileReference; lastKnownFileType = file; path = "Pretendard-Medium.ttf"; sourceTree = "<group>"; };
		DBC54C5C2B56A4A00071164C /* Pretendard-Regular.ttf */ = {isa = PBXFileReference; lastKnownFileType = file; path = "Pretendard-Regular.ttf"; sourceTree = "<group>"; };
		DBC54C5E2B56A4A80071164C /* Pretendard-SemiBold.ttf */ = {isa = PBXFileReference; lastKnownFileType = file; path = "Pretendard-SemiBold.ttf"; sourceTree = "<group>"; };
		DBC54C622B56A86D0071164C /* NPSfont_bold.ttf */ = {isa = PBXFileReference; lastKnownFileType = file; path = NPSfont_bold.ttf; sourceTree = "<group>"; };
		DBCE10E02B595506008C3367 /* loginViewController.swift */ = {isa = PBXFileReference; lastKnownFileType = sourcecode.swift; path = loginViewController.swift; sourceTree = "<group>"; };
		DBD1E7FB2B84A9D500FD71C6 /* Network.swift */ = {isa = PBXFileReference; lastKnownFileType = sourcecode.swift; path = Network.swift; sourceTree = "<group>"; };
		DBDF96EE2B84BFB2000E74AE /* ProfileFinishedViewController.swift */ = {isa = PBXFileReference; lastKnownFileType = sourcecode.swift; path = ProfileFinishedViewController.swift; sourceTree = "<group>"; };
		DBF466F72AA5F4E4009FF3EB /* dormitoryFamiles.app */ = {isa = PBXFileReference; explicitFileType = wrapper.application; includeInIndex = 0; path = dormitoryFamiles.app; sourceTree = BUILT_PRODUCTS_DIR; };
		DBF466FA2AA5F4E4009FF3EB /* AppDelegate.swift */ = {isa = PBXFileReference; lastKnownFileType = sourcecode.swift; path = AppDelegate.swift; sourceTree = "<group>"; };
		DBF466FC2AA5F4E4009FF3EB /* SceneDelegate.swift */ = {isa = PBXFileReference; lastKnownFileType = sourcecode.swift; path = SceneDelegate.swift; sourceTree = "<group>"; };
		DBF466FE2AA5F4E4009FF3EB /* MealMenuViewController.swift */ = {isa = PBXFileReference; lastKnownFileType = sourcecode.swift; path = MealMenuViewController.swift; sourceTree = "<group>"; };
		DBF467012AA5F4E4009FF3EB /* Base */ = {isa = PBXFileReference; lastKnownFileType = file.storyboard; name = Base; path = Base.lproj/Main.storyboard; sourceTree = "<group>"; };
		DBF467032AA5F4E5009FF3EB /* Assets.xcassets */ = {isa = PBXFileReference; lastKnownFileType = folder.assetcatalog; path = Assets.xcassets; sourceTree = "<group>"; };
		DBF467062AA5F4E5009FF3EB /* Base */ = {isa = PBXFileReference; lastKnownFileType = file.storyboard; name = Base; path = Base.lproj/LaunchScreen.storyboard; sourceTree = "<group>"; };
		DBF467082AA5F4E5009FF3EB /* Info.plist */ = {isa = PBXFileReference; lastKnownFileType = text.plist.xml; path = Info.plist; sourceTree = "<group>"; };
		DBFF14922B7BA7EC002DA3AA /* BulletinBoardDetailViewViewController.swift */ = {isa = PBXFileReference; lastKnownFileType = sourcecode.swift; path = BulletinBoardDetailViewViewController.swift; sourceTree = "<group>"; };
/* End PBXFileReference section */

/* Begin PBXFrameworksBuildPhase section */
		DBF466F42AA5F4E4009FF3EB /* Frameworks */ = {
			isa = PBXFrameworksBuildPhase;
			buildActionMask = 2147483647;
			files = (
				0C03D7843BE1BA839B23F614 /* Pods_dormitoryFamiles.framework in Frameworks */,
			);
			runOnlyForDeploymentPostprocessing = 0;
		};
/* End PBXFrameworksBuildPhase section */

/* Begin PBXGroup section */
		3EF87502A881A8B8B123AF34 /* Frameworks */ = {
			isa = PBXGroup;
			children = (
				43ACFB5BF55DE00DF2B4C0CA /* Pods_dormitoryFamiles.framework */,
			);
			name = Frameworks;
			sourceTree = "<group>";
		};
		8C013C2D7D769ADC50898197 /* Pods */ = {
			isa = PBXGroup;
			children = (
				C5E033F1B4291ED8F85F0DAE /* Pods-dormitoryFamiles.debug.xcconfig */,
				BDEE29642D63D4042822783C /* Pods-dormitoryFamiles.release.xcconfig */,
			);
			path = Pods;
			sourceTree = "<group>";
		};
		DB1E0E872B6297D0000A4AA5 /* DormitoryButton */ = {
			isa = PBXGroup;
			children = (
				DB1E0E882B629804000A4AA5 /* DormitoryButtonHandlingProtocol.swift */,
				DB1E0E8A2B629865000A4AA5 /* ChoiceDormitoryViewController.swift */,
				DB1E0E8C2B62A995000A4AA5 /* SelectedDormitory.swift */,
			);
			path = DormitoryButton;
			sourceTree = "<group>";
		};
		DB32D75B2BA342EC00DE387A /* Extension */ = {
			isa = PBXGroup;
			children = (
				DB20E38D2B53D75F000D12A7 /* extensionStroyboard.swift */,
				DB5ACD5F2AA70D190054CA15 /* ExtenstionColor.swift */,
				DB2B7BCE2B457F7200C1847D /* UIButtonExtension.swift */,
				DB81CFFF2B56E723005EF497 /* UIColorExtension.swift */,
				DB2B7BCA2B45727B00C1847D /* TagButton.swift */,
			);
			path = Extension;
			sourceTree = "<group>";
		};
		DB32D75C2BA3434200DE387A /* Home */ = {
			isa = PBXGroup;
			children = (
				DBF466FE2AA5F4E4009FF3EB /* MealMenuViewController.swift */,
				DB20E38B2B53C2BD000D12A7 /* HomeViewController.swift */,
				DB7EF27C2B5EAC790062FAB5 /* ChoiceDormitoryButton.swift */,
				DB1E0E872B6297D0000A4AA5 /* DormitoryButton */,
			);
			path = Home;
			sourceTree = "<group>";
		};
		DB32D75D2BA3435C00DE387A /* BulletinBoard */ = {
			isa = PBXGroup;
			children = (
				DB20F2932B95CBE00052CF5C /* SearchViewController.swift */,
				DB41008B2B6A665D005C4DD8 /* BrownVC.swift */,
				DB932AC02B6511E300B456FB /* BulluetinBoardCollectionViewCell.xib */,
				DB932ABF2B6511E300B456FB /* BulluetinBoardCollectionViewCell.swift */,
				DB2B7BCC2B457D2500C1847D /* BulletinBoardDetailViewContorllerViewController.swift */,
				DBFF14922B7BA7EC002DA3AA /* BulletinBoardDetailViewViewController.swift */,
				DBB345F12B42BFD100E70380 /* BulletinBoardMainViewController.swift */,
				DB2B7BC82B456F4700C1847D /* TagScrollView.swift */,
				DB61AA332B4C1EA70040418B /* RegisterPostViewController.swift */,
				DB00F5B22B81D17C00DDA1E6 /* ReplyCollectionViewCell.swift */,
				DB02B5272B98C92200C45F56 /* ReplyHeaderCollectionReusableView.swift */,
				DB02B5282B98C92200C45F56 /* ReplyHeaderCollectionReusableView.xib */,
			);
			path = BulletinBoard;
			sourceTree = "<group>";
		};
		DB32D75E2BA3437B00DE387A /* App */ = {
			isa = PBXGroup;
			children = (
				DBF466FA2AA5F4E4009FF3EB /* AppDelegate.swift */,
				DBF466FC2AA5F4E4009FF3EB /* SceneDelegate.swift */,
				DBF467082AA5F4E5009FF3EB /* Info.plist */,
			);
			path = App;
			sourceTree = "<group>";
		};
		DB32D75F2BA3439400DE387A /* Base */ = {
			isa = PBXGroup;
			children = (
				DB496DEA2B70EAFB00F97324 /* TabbarViewController.swift */,
				DBF467002AA5F4E4009FF3EB /* Main.storyboard */,
				DBF467052AA5F4E5009FF3EB /* LaunchScreen.storyboard */,
				DBF467032AA5F4E5009FF3EB /* Assets.xcassets */,
			);
			path = Base;
			sourceTree = "<group>";
		};
		DB32D7602BA3445D00DE387A /* Onboarding */ = {
			isa = PBXGroup;
			children = (
				DBDF96EE2B84BFB2000E74AE /* ProfileFinishedViewController.swift */,
				DB7EF2762B5E9CB20062FAB5 /* ServicePermissonViewController.swift */,
				DBCE10E02B595506008C3367 /* loginViewController.swift */,
				DB7EF2782B5EA4B00062FAB5 /* AlrmElementView.swift */,
				DB3F18082B6162AB002F1738 /* ProfileSettingViewController.swift */,
			);
			path = Onboarding;
			sourceTree = "<group>";
		};
		DB32D7612BA3452300DE387A /* Network */ = {
			isa = PBXGroup;
			children = (
				DBD1E7FB2B84A9D500FD71C6 /* Network.swift */,
				DB74D0C52B73EEBF00A90D68 /* Codable.swift */,
			);
			path = Network;
			sourceTree = "<group>";
		};
		DBC54C3F2B568A6A0071164C /* Font */ = {
			isa = PBXGroup;
			children = (
				DBC54C542B56A46B0071164C /* PretendardVariable.ttf */,
				DBC54C562B56A4820071164C /* Pretendard-Bold.ttf */,
				DBC54C5A2B56A4960071164C /* Pretendard-Medium.ttf */,
				DBC54C5C2B56A4A00071164C /* Pretendard-Regular.ttf */,
				DBC54C5E2B56A4A80071164C /* Pretendard-SemiBold.ttf */,
				DBC54C622B56A86D0071164C /* NPSfont_bold.ttf */,
				DBC54C422B568B350071164C /* UIFontExtension.swift */,
			);
			path = Font;
			sourceTree = "<group>";
		};
		DBF466EE2AA5F4E4009FF3EB = {
			isa = PBXGroup;
			children = (
				DBF466F92AA5F4E4009FF3EB /* dormitoryFamiles */,
				DBF466F82AA5F4E4009FF3EB /* Products */,
				8C013C2D7D769ADC50898197 /* Pods */,
				3EF87502A881A8B8B123AF34 /* Frameworks */,
			);
			sourceTree = "<group>";
		};
		DBF466F82AA5F4E4009FF3EB /* Products */ = {
			isa = PBXGroup;
			children = (
				DBF466F72AA5F4E4009FF3EB /* dormitoryFamiles.app */,
			);
			name = Products;
			sourceTree = "<group>";
		};
		DBF466F92AA5F4E4009FF3EB /* dormitoryFamiles */ = {
			isa = PBXGroup;
			children = (
				DB32D7612BA3452300DE387A /* Network */,
				DB32D7602BA3445D00DE387A /* Onboarding */,
				DB32D75F2BA3439400DE387A /* Base */,
				DB32D75E2BA3437B00DE387A /* App */,
				DB32D75D2BA3435C00DE387A /* BulletinBoard */,
				DB32D75C2BA3434200DE387A /* Home */,
				DB32D75B2BA342EC00DE387A /* Extension */,
				DBC54C3F2B568A6A0071164C /* Font */,
			);
			path = dormitoryFamiles;
			sourceTree = "<group>";
		};
/* End PBXGroup section */

/* Begin PBXNativeTarget section */
		DBF466F62AA5F4E4009FF3EB /* dormitoryFamiles */ = {
			isa = PBXNativeTarget;
			buildConfigurationList = DBF4670B2AA5F4E5009FF3EB /* Build configuration list for PBXNativeTarget "dormitoryFamiles" */;
			buildPhases = (
				4CF588194D6A7AB0B93A370E /* [CP] Check Pods Manifest.lock */,
				DBF466F32AA5F4E4009FF3EB /* Sources */,
				DBF466F42AA5F4E4009FF3EB /* Frameworks */,
				DBF466F52AA5F4E4009FF3EB /* Resources */,
				60188096167E5088D7301F5D /* [CP] Embed Pods Frameworks */,
			);
			buildRules = (
			);
			dependencies = (
			);
			name = dormitoryFamiles;
			productName = dormitoryFamiles;
			productReference = DBF466F72AA5F4E4009FF3EB /* dormitoryFamiles.app */;
			productType = "com.apple.product-type.application";
		};
/* End PBXNativeTarget section */

/* Begin PBXProject section */
		DBF466EF2AA5F4E4009FF3EB /* Project object */ = {
			isa = PBXProject;
			attributes = {
				BuildIndependentTargetsInParallel = 1;
				LastSwiftUpdateCheck = 1420;
				LastUpgradeCheck = 1420;
				TargetAttributes = {
					DBF466F62AA5F4E4009FF3EB = {
						CreatedOnToolsVersion = 14.2;
					};
				};
			};
			buildConfigurationList = DBF466F22AA5F4E4009FF3EB /* Build configuration list for PBXProject "dormitoryFamiles" */;
			compatibilityVersion = "Xcode 14.0";
			developmentRegion = en;
			hasScannedForEncodings = 0;
			knownRegions = (
				en,
				Base,
			);
			mainGroup = DBF466EE2AA5F4E4009FF3EB;
			productRefGroup = DBF466F82AA5F4E4009FF3EB /* Products */;
			projectDirPath = "";
			projectRoot = "";
			targets = (
				DBF466F62AA5F4E4009FF3EB /* dormitoryFamiles */,
			);
		};
/* End PBXProject section */

/* Begin PBXResourcesBuildPhase section */
		DBF466F52AA5F4E4009FF3EB /* Resources */ = {
			isa = PBXResourcesBuildPhase;
			buildActionMask = 2147483647;
			files = (
				DBC54C632B56A86D0071164C /* NPSfont_bold.ttf in Resources */,
				DBC54C5B2B56A4960071164C /* Pretendard-Medium.ttf in Resources */,
				DB932AC22B6511E300B456FB /* BulluetinBoardCollectionViewCell.xib in Resources */,
				DBF467072AA5F4E5009FF3EB /* LaunchScreen.storyboard in Resources */,
				DBC54C5F2B56A4A80071164C /* Pretendard-SemiBold.ttf in Resources */,
				DBF467042AA5F4E5009FF3EB /* Assets.xcassets in Resources */,
				DBF467022AA5F4E4009FF3EB /* Main.storyboard in Resources */,
				DBC54C5D2B56A4A00071164C /* Pretendard-Regular.ttf in Resources */,
				DB02B52A2B98C92200C45F56 /* ReplyHeaderCollectionReusableView.xib in Resources */,
				DBC54C572B56A4820071164C /* Pretendard-Bold.ttf in Resources */,
				DBC54C552B56A46B0071164C /* PretendardVariable.ttf in Resources */,
			);
			runOnlyForDeploymentPostprocessing = 0;
		};
/* End PBXResourcesBuildPhase section */

/* Begin PBXShellScriptBuildPhase section */
		4CF588194D6A7AB0B93A370E /* [CP] Check Pods Manifest.lock */ = {
			isa = PBXShellScriptBuildPhase;
			buildActionMask = 2147483647;
			files = (
			);
			inputFileListPaths = (
			);
			inputPaths = (
				"${PODS_PODFILE_DIR_PATH}/Podfile.lock",
				"${PODS_ROOT}/Manifest.lock",
			);
			name = "[CP] Check Pods Manifest.lock";
			outputFileListPaths = (
			);
			outputPaths = (
				"$(DERIVED_FILE_DIR)/Pods-dormitoryFamiles-checkManifestLockResult.txt",
			);
			runOnlyForDeploymentPostprocessing = 0;
			shellPath = /bin/sh;
			shellScript = "diff \"${PODS_PODFILE_DIR_PATH}/Podfile.lock\" \"${PODS_ROOT}/Manifest.lock\" > /dev/null\nif [ $? != 0 ] ; then\n    # print error to STDERR\n    echo \"error: The sandbox is not in sync with the Podfile.lock. Run 'pod install' or update your CocoaPods installation.\" >&2\n    exit 1\nfi\n# This output is used by Xcode 'outputs' to avoid re-running this script phase.\necho \"SUCCESS\" > \"${SCRIPT_OUTPUT_FILE_0}\"\n";
			showEnvVarsInLog = 0;
		};
		60188096167E5088D7301F5D /* [CP] Embed Pods Frameworks */ = {
			isa = PBXShellScriptBuildPhase;
			buildActionMask = 2147483647;
			files = (
			);
			inputFileListPaths = (
				"${PODS_ROOT}/Target Support Files/Pods-dormitoryFamiles/Pods-dormitoryFamiles-frameworks-${CONFIGURATION}-input-files.xcfilelist",
			);
			name = "[CP] Embed Pods Frameworks";
			outputFileListPaths = (
				"${PODS_ROOT}/Target Support Files/Pods-dormitoryFamiles/Pods-dormitoryFamiles-frameworks-${CONFIGURATION}-output-files.xcfilelist",
			);
			runOnlyForDeploymentPostprocessing = 0;
			shellPath = /bin/sh;
			shellScript = "\"${PODS_ROOT}/Target Support Files/Pods-dormitoryFamiles/Pods-dormitoryFamiles-frameworks.sh\"\n";
			showEnvVarsInLog = 0;
		};
/* End PBXShellScriptBuildPhase section */

/* Begin PBXSourcesBuildPhase section */
		DBF466F32AA5F4E4009FF3EB /* Sources */ = {
			isa = PBXSourcesBuildPhase;
			buildActionMask = 2147483647;
			files = (
				DB2B7BC92B456F4700C1847D /* TagScrollView.swift in Sources */,
				DB7EF2772B5E9CB20062FAB5 /* ServicePermissonViewController.swift in Sources */,
				DB1E0E892B629804000A4AA5 /* DormitoryButtonHandlingProtocol.swift in Sources */,
				DB3F18092B6162AB002F1738 /* ProfileSettingViewController.swift in Sources */,
				DBCE10E12B595506008C3367 /* loginViewController.swift in Sources */,
				DB81D0002B56E723005EF497 /* UIColorExtension.swift in Sources */,
				DB5ACD602AA70D190054CA15 /* ExtenstionColor.swift in Sources */,
				DB7EF2792B5EA4B00062FAB5 /* AlrmElementView.swift in Sources */,
				DB61AA342B4C1EA70040418B /* RegisterPostViewController.swift in Sources */,
				DB20E38E2B53D75F000D12A7 /* extensionStroyboard.swift in Sources */,
				DBD1E7FC2B84A9D500FD71C6 /* Network.swift in Sources */,
				DB2B7BCD2B457D2500C1847D /* BulletinBoardDetailViewContorllerViewController.swift in Sources */,
				DB2B7BCB2B45727B00C1847D /* TagButton.swift in Sources */,
				DB1E0E8B2B629865000A4AA5 /* ChoiceDormitoryViewController.swift in Sources */,
				DB74D0C62B73EEBF00A90D68 /* Codable.swift in Sources */,
				DBC54C432B568B350071164C /* UIFontExtension.swift in Sources */,
				DB7EF27D2B5EAC790062FAB5 /* ChoiceDormitoryButton.swift in Sources */,
				DBFF14932B7BA7EC002DA3AA /* BulletinBoardDetailViewViewController.swift in Sources */,
				DB932AC12B6511E300B456FB /* BulluetinBoardCollectionViewCell.swift in Sources */,
				DBF466FF2AA5F4E4009FF3EB /* MealMenuViewController.swift in Sources */,
				DB496DEB2B70EAFB00F97324 /* TabbarViewController.swift in Sources */,
				DB41008C2B6A665D005C4DD8 /* BrownVC.swift in Sources */,
				DB00F5B42B81D17C00DDA1E6 /* ReplyCollectionViewCell.swift in Sources */,
				DB20E38C2B53C2BD000D12A7 /* HomeViewController.swift in Sources */,
				DBF466FB2AA5F4E4009FF3EB /* AppDelegate.swift in Sources */,
				DB20F2942B95CBE00052CF5C /* SearchViewController.swift in Sources */,
				DB1E0E8D2B62A995000A4AA5 /* SelectedDormitory.swift in Sources */,
				DBDF96EF2B84BFB2000E74AE /* ProfileFinishedViewController.swift in Sources */,
				DB2B7BCF2B457F7200C1847D /* UIButtonExtension.swift in Sources */,
				DB02B5292B98C92200C45F56 /* ReplyHeaderCollectionReusableView.swift in Sources */,
				DBF466FD2AA5F4E4009FF3EB /* SceneDelegate.swift in Sources */,
				DBB345F22B42BFD100E70380 /* BulletinBoardMainViewController.swift in Sources */,
			);
			runOnlyForDeploymentPostprocessing = 0;
		};
/* End PBXSourcesBuildPhase section */

/* Begin PBXVariantGroup section */
		DBF467002AA5F4E4009FF3EB /* Main.storyboard */ = {
			isa = PBXVariantGroup;
			children = (
				DBF467012AA5F4E4009FF3EB /* Base */,
			);
			name = Main.storyboard;
			sourceTree = "<group>";
		};
		DBF467052AA5F4E5009FF3EB /* LaunchScreen.storyboard */ = {
			isa = PBXVariantGroup;
			children = (
				DBF467062AA5F4E5009FF3EB /* Base */,
			);
			name = LaunchScreen.storyboard;
			sourceTree = "<group>";
		};
/* End PBXVariantGroup section */

/* Begin XCBuildConfiguration section */
		DBF467092AA5F4E5009FF3EB /* Debug */ = {
			isa = XCBuildConfiguration;
			buildSettings = {
				ALWAYS_SEARCH_USER_PATHS = NO;
				CLANG_ANALYZER_NONNULL = YES;
				CLANG_ANALYZER_NUMBER_OBJECT_CONVERSION = YES_AGGRESSIVE;
				CLANG_CXX_LANGUAGE_STANDARD = "gnu++20";
				CLANG_ENABLE_MODULES = YES;
				CLANG_ENABLE_OBJC_ARC = YES;
				CLANG_ENABLE_OBJC_WEAK = YES;
				CLANG_WARN_BLOCK_CAPTURE_AUTORELEASING = YES;
				CLANG_WARN_BOOL_CONVERSION = YES;
				CLANG_WARN_COMMA = YES;
				CLANG_WARN_CONSTANT_CONVERSION = YES;
				CLANG_WARN_DEPRECATED_OBJC_IMPLEMENTATIONS = YES;
				CLANG_WARN_DIRECT_OBJC_ISA_USAGE = YES_ERROR;
				CLANG_WARN_DOCUMENTATION_COMMENTS = YES;
				CLANG_WARN_EMPTY_BODY = YES;
				CLANG_WARN_ENUM_CONVERSION = YES;
				CLANG_WARN_INFINITE_RECURSION = YES;
				CLANG_WARN_INT_CONVERSION = YES;
				CLANG_WARN_NON_LITERAL_NULL_CONVERSION = YES;
				CLANG_WARN_OBJC_IMPLICIT_RETAIN_SELF = YES;
				CLANG_WARN_OBJC_LITERAL_CONVERSION = YES;
				CLANG_WARN_OBJC_ROOT_CLASS = YES_ERROR;
				CLANG_WARN_QUOTED_INCLUDE_IN_FRAMEWORK_HEADER = YES;
				CLANG_WARN_RANGE_LOOP_ANALYSIS = YES;
				CLANG_WARN_STRICT_PROTOTYPES = YES;
				CLANG_WARN_SUSPICIOUS_MOVE = YES;
				CLANG_WARN_UNGUARDED_AVAILABILITY = YES_AGGRESSIVE;
				CLANG_WARN_UNREACHABLE_CODE = YES;
				CLANG_WARN__DUPLICATE_METHOD_MATCH = YES;
				COPY_PHASE_STRIP = NO;
				DEBUG_INFORMATION_FORMAT = dwarf;
				ENABLE_STRICT_OBJC_MSGSEND = YES;
				ENABLE_TESTABILITY = YES;
				GCC_C_LANGUAGE_STANDARD = gnu11;
				GCC_DYNAMIC_NO_PIC = NO;
				GCC_NO_COMMON_BLOCKS = YES;
				GCC_OPTIMIZATION_LEVEL = 0;
				GCC_PREPROCESSOR_DEFINITIONS = (
					"DEBUG=1",
					"$(inherited)",
				);
				GCC_WARN_64_TO_32_BIT_CONVERSION = YES;
				GCC_WARN_ABOUT_RETURN_TYPE = YES_ERROR;
				GCC_WARN_UNDECLARED_SELECTOR = YES;
				GCC_WARN_UNINITIALIZED_AUTOS = YES_AGGRESSIVE;
				GCC_WARN_UNUSED_FUNCTION = YES;
				GCC_WARN_UNUSED_VARIABLE = YES;
				IPHONEOS_DEPLOYMENT_TARGET = 16.2;
				MTL_ENABLE_DEBUG_INFO = INCLUDE_SOURCE;
				MTL_FAST_MATH = YES;
				ONLY_ACTIVE_ARCH = YES;
				SDKROOT = iphoneos;
				SWIFT_ACTIVE_COMPILATION_CONDITIONS = DEBUG;
				SWIFT_OPTIMIZATION_LEVEL = "-Onone";
			};
			name = Debug;
		};
		DBF4670A2AA5F4E5009FF3EB /* Release */ = {
			isa = XCBuildConfiguration;
			buildSettings = {
				ALWAYS_SEARCH_USER_PATHS = NO;
				CLANG_ANALYZER_NONNULL = YES;
				CLANG_ANALYZER_NUMBER_OBJECT_CONVERSION = YES_AGGRESSIVE;
				CLANG_CXX_LANGUAGE_STANDARD = "gnu++20";
				CLANG_ENABLE_MODULES = YES;
				CLANG_ENABLE_OBJC_ARC = YES;
				CLANG_ENABLE_OBJC_WEAK = YES;
				CLANG_WARN_BLOCK_CAPTURE_AUTORELEASING = YES;
				CLANG_WARN_BOOL_CONVERSION = YES;
				CLANG_WARN_COMMA = YES;
				CLANG_WARN_CONSTANT_CONVERSION = YES;
				CLANG_WARN_DEPRECATED_OBJC_IMPLEMENTATIONS = YES;
				CLANG_WARN_DIRECT_OBJC_ISA_USAGE = YES_ERROR;
				CLANG_WARN_DOCUMENTATION_COMMENTS = YES;
				CLANG_WARN_EMPTY_BODY = YES;
				CLANG_WARN_ENUM_CONVERSION = YES;
				CLANG_WARN_INFINITE_RECURSION = YES;
				CLANG_WARN_INT_CONVERSION = YES;
				CLANG_WARN_NON_LITERAL_NULL_CONVERSION = YES;
				CLANG_WARN_OBJC_IMPLICIT_RETAIN_SELF = YES;
				CLANG_WARN_OBJC_LITERAL_CONVERSION = YES;
				CLANG_WARN_OBJC_ROOT_CLASS = YES_ERROR;
				CLANG_WARN_QUOTED_INCLUDE_IN_FRAMEWORK_HEADER = YES;
				CLANG_WARN_RANGE_LOOP_ANALYSIS = YES;
				CLANG_WARN_STRICT_PROTOTYPES = YES;
				CLANG_WARN_SUSPICIOUS_MOVE = YES;
				CLANG_WARN_UNGUARDED_AVAILABILITY = YES_AGGRESSIVE;
				CLANG_WARN_UNREACHABLE_CODE = YES;
				CLANG_WARN__DUPLICATE_METHOD_MATCH = YES;
				COPY_PHASE_STRIP = NO;
				DEBUG_INFORMATION_FORMAT = "dwarf-with-dsym";
				ENABLE_NS_ASSERTIONS = NO;
				ENABLE_STRICT_OBJC_MSGSEND = YES;
				GCC_C_LANGUAGE_STANDARD = gnu11;
				GCC_NO_COMMON_BLOCKS = YES;
				GCC_WARN_64_TO_32_BIT_CONVERSION = YES;
				GCC_WARN_ABOUT_RETURN_TYPE = YES_ERROR;
				GCC_WARN_UNDECLARED_SELECTOR = YES;
				GCC_WARN_UNINITIALIZED_AUTOS = YES_AGGRESSIVE;
				GCC_WARN_UNUSED_FUNCTION = YES;
				GCC_WARN_UNUSED_VARIABLE = YES;
				IPHONEOS_DEPLOYMENT_TARGET = 16.2;
				MTL_ENABLE_DEBUG_INFO = NO;
				MTL_FAST_MATH = YES;
				SDKROOT = iphoneos;
				SWIFT_COMPILATION_MODE = wholemodule;
				SWIFT_OPTIMIZATION_LEVEL = "-O";
				VALIDATE_PRODUCT = YES;
			};
			name = Release;
		};
		DBF4670C2AA5F4E5009FF3EB /* Debug */ = {
			isa = XCBuildConfiguration;
			baseConfigurationReference = C5E033F1B4291ED8F85F0DAE /* Pods-dormitoryFamiles.debug.xcconfig */;
			buildSettings = {
				ASSETCATALOG_COMPILER_APPICON_NAME = AppIcon;
				ASSETCATALOG_COMPILER_GLOBAL_ACCENT_COLOR_NAME = AccentColor;
				CODE_SIGN_STYLE = Automatic;
				CURRENT_PROJECT_VERSION = 1;
				DEVELOPMENT_TEAM = 7B9KLZFFL8;
				GENERATE_INFOPLIST_FILE = YES;
				INFOPLIST_FILE = dormitoryFamiles/Info.plist;
				INFOPLIST_KEY_UIApplicationSupportsIndirectInputEvents = YES;
				INFOPLIST_KEY_UILaunchStoryboardName = LaunchScreen;
				INFOPLIST_KEY_UIMainStoryboardFile = Main;
				INFOPLIST_KEY_UISupportedInterfaceOrientations_iPad = "UIInterfaceOrientationPortrait UIInterfaceOrientationPortraitUpsideDown UIInterfaceOrientationLandscapeLeft UIInterfaceOrientationLandscapeRight";
				INFOPLIST_KEY_UISupportedInterfaceOrientations_iPhone = "UIInterfaceOrientationPortrait UIInterfaceOrientationLandscapeLeft UIInterfaceOrientationLandscapeRight";
				LD_RUNPATH_SEARCH_PATHS = (
					"$(inherited)",
					"@executable_path/Frameworks",
				);
				MARKETING_VERSION = 1.0;
				PRODUCT_BUNDLE_IDENTIFIER = com.hwajin.dormitoryFamiles;
				PRODUCT_NAME = "$(TARGET_NAME)";
				SWIFT_EMIT_LOC_STRINGS = YES;
				SWIFT_VERSION = 5.0;
				TARGETED_DEVICE_FAMILY = "1,2";
			};
			name = Debug;
		};
		DBF4670D2AA5F4E5009FF3EB /* Release */ = {
			isa = XCBuildConfiguration;
			baseConfigurationReference = BDEE29642D63D4042822783C /* Pods-dormitoryFamiles.release.xcconfig */;
			buildSettings = {
				ASSETCATALOG_COMPILER_APPICON_NAME = AppIcon;
				ASSETCATALOG_COMPILER_GLOBAL_ACCENT_COLOR_NAME = AccentColor;
				CODE_SIGN_STYLE = Automatic;
				CURRENT_PROJECT_VERSION = 1;
				DEVELOPMENT_TEAM = 7B9KLZFFL8;
				GENERATE_INFOPLIST_FILE = YES;
				INFOPLIST_FILE = dormitoryFamiles/Info.plist;
				INFOPLIST_KEY_UIApplicationSupportsIndirectInputEvents = YES;
				INFOPLIST_KEY_UILaunchStoryboardName = LaunchScreen;
				INFOPLIST_KEY_UIMainStoryboardFile = Main;
				INFOPLIST_KEY_UISupportedInterfaceOrientations_iPad = "UIInterfaceOrientationPortrait UIInterfaceOrientationPortraitUpsideDown UIInterfaceOrientationLandscapeLeft UIInterfaceOrientationLandscapeRight";
				INFOPLIST_KEY_UISupportedInterfaceOrientations_iPhone = "UIInterfaceOrientationPortrait UIInterfaceOrientationLandscapeLeft UIInterfaceOrientationLandscapeRight";
				LD_RUNPATH_SEARCH_PATHS = (
					"$(inherited)",
					"@executable_path/Frameworks",
				);
				MARKETING_VERSION = 1.0;
				PRODUCT_BUNDLE_IDENTIFIER = com.hwajin.dormitoryFamiles;
				PRODUCT_NAME = "$(TARGET_NAME)";
				SWIFT_EMIT_LOC_STRINGS = YES;
				SWIFT_VERSION = 5.0;
				TARGETED_DEVICE_FAMILY = "1,2";
			};
			name = Release;
		};
/* End XCBuildConfiguration section */

/* Begin XCConfigurationList section */
		DBF466F22AA5F4E4009FF3EB /* Build configuration list for PBXProject "dormitoryFamiles" */ = {
			isa = XCConfigurationList;
			buildConfigurations = (
				DBF467092AA5F4E5009FF3EB /* Debug */,
				DBF4670A2AA5F4E5009FF3EB /* Release */,
			);
			defaultConfigurationIsVisible = 0;
			defaultConfigurationName = Release;
		};
		DBF4670B2AA5F4E5009FF3EB /* Build configuration list for PBXNativeTarget "dormitoryFamiles" */ = {
			isa = XCConfigurationList;
			buildConfigurations = (
				DBF4670C2AA5F4E5009FF3EB /* Debug */,
				DBF4670D2AA5F4E5009FF3EB /* Release */,
			);
			defaultConfigurationIsVisible = 0;
			defaultConfigurationName = Release;
		};
/* End XCConfigurationList section */
	};
	rootObject = DBF466EF2AA5F4E4009FF3EB /* Project object */;
}
