PODS:
  - Alamofire (5.9.1)
  - DropDown (2.3.13)
  - KakaoSDKAuth (2.22.1):
    - KakaoSDKCommon (= 2.22.1)
  - KakaoSDKCommon (2.22.1):
    - KakaoSDKCommon/Common (= 2.22.1)
    - KakaoSDKCommon/Network (= 2.22.1)
  - KakaoSDKCommon/Common (2.22.1)
  - KakaoSDKCommon/Network (2.22.1):
    - Alamofire (~> 5.9.0)
    - KakaoSDKCommon/Common (= 2.22.1)
  - KakaoSDKUser (2.22.1):
    - KakaoSDKAuth (= 2.22.1)
  - Kingfisher (7.11.0)
  - Pageboy (4.1.0)
  - SocketRocket (0.7.0)
  - StompClientLib (1.4.1):
    - SocketRocket
  - SwiftSoup (2.7.2)
  - Tabman (3.1.0):
    - Pageboy (~> 4.1.0)

DEPENDENCIES:
  - DropDown
  - KakaoSDKAuth
  - KakaoSDKUser
  - Kingfisher
  - StompClientLib
  - SwiftSoup
  - Tabman (~> 3.0)

SPEC REPOS:
  trunk:
    - Alamofire
    - DropDown
    - KakaoSDKAuth
    - KakaoSDKCommon
    - KakaoSDKUser
    - Kingfisher
    - Pageboy
    - SocketRocket
    - StompClientLib
    - SwiftSoup
    - Tabman

SPEC CHECKSUMS:
  Alamofire: f36a35757af4587d8e4f4bfa223ad10be2422b8c
  DropDown: 8a2116376c1981888557f72ec2ffc9a5e0e456ec
  KakaoSDKAuth: 347f1e6bf455689c81fb4eee3c9e02b622016fb4
  KakaoSDKCommon: 596436353cec3865eb1475ecea1a7259d881c5ac
  KakaoSDKUser: 31c3aaa36d32bd77f9a5acbe371e174b85a10a91
  Kingfisher: b9c985d864d43515f404f1ef4a8ce7d802ace3ac
  Pageboy: e1c494f866874697493da9528777c5006fee613c
  SocketRocket: abac6f5de4d4d62d24e11868d7a2f427e0ef940d
  StompClientLib: ac40390e9660c574675f1c933bec81c8e2811a4f
  SwiftSoup: 4164c6bd8af69acd119c23fb36906975a60d71bb
  Tabman: b4211db1d33b7e993015e2e7c6746e6003c02725

PODFILE CHECKSUM: b65127f30f17d35ca3ff71b3dcd89f8fbbb102bd

COCOAPODS: 1.15.2
